
Microsoft Visual Studio Solution File, Format Version 12.00
# Visual Studio Version 16
VisualStudioVersion = 16.0.29609.76
MinimumVisualStudioVersion = 10.0.40219.1
Project("{FAE04EC0-301F-11D3-BF4B-00C04F79EFBC}") = "4kGamingBot", "4kGamingBot\4kGamingBot.csproj", "{A629A2FD-993D-4A22-BE88-9F86D7290089}"
EndProject
Global
	GlobalSection(SolutionConfigurationPlatforms) = preSolution
		Debug|Any CPU = Debug|Any CPU
		Release|Any CPU = Release|Any CPU
	EndGlobalSection
	GlobalSection(ProjectConfigurationPlatforms) = postSolution
		{A629A2FD-993D-4A22-BE88-9F86D7290089}.Debug|Any CPU.ActiveCfg = Debug|Any CPU
		{A629A2FD-993D-4A22-BE88-9F86D7290089}.Debug|Any CPU.Build.0 = Debug|Any CPU
		{A629A2FD-993D-4A22-BE88-9F86D7290089}.Release|Any CPU.ActiveCfg = Release|Any CPU
		{A629A2FD-993D-4A22-BE88-9F86D7290089}.Release|Any CPU.Build.0 = Release|Any CPU
	EndGlobalSection
	GlobalSection(SolutionProperties) = preSolution
		HideSolutionNode = FALSE
	EndGlobalSection
	GlobalSection(ExtensibilityGlobals) = postSolution
		SolutionGuid = {32F66FB6-6E36-4FB7-A039-D3E875FCE967}
	EndGlobalSection
EndGlobal
